
Microsoft Visual Studio Solution File, Format Version 12.00
# Visual Studio Version 17
VisualStudioVersion = 17.13.35913.81 d17.13
MinimumVisualStudioVersion = 10.0.40219.1
Project("{FAE04EC0-301F-11D3-BF4B-00C04F79EFBC}") = "Template method", "Template method.csproj", "{81A144C3-98C0-4C97-9383-496A02A29F1A}"
EndProject
Global
	GlobalSection(SolutionConfigurationPlatforms) = preSolution
		Debug|Any CPU = Debug|Any CPU
		Release|Any CPU = Release|Any CPU
	EndGlobalSection
	GlobalSection(ProjectConfigurationPlatforms) = postSolution
		{81A144C3-98C0-4C97-9383-496A02A29F1A}.Debug|Any CPU.ActiveCfg = Debug|Any CPU
		{81A144C3-98C0-4C97-9383-496A02A29F1A}.Debug|Any CPU.Build.0 = Debug|Any CPU
		{81A144C3-98C0-4C97-9383-496A02A29F1A}.Release|Any CPU.ActiveCfg = Release|Any CPU
		{81A144C3-98C0-4C97-9383-496A02A29F1A}.Release|Any CPU.Build.0 = Release|Any CPU
	EndGlobalSection
	GlobalSection(SolutionProperties) = preSolution
		HideSolutionNode = FALSE
	EndGlobalSection
	GlobalSection(ExtensibilityGlobals) = postSolution
		SolutionGuid = {32D7515B-A060-4C1A-9B97-29E6C35EE3CD}
	EndGlobalSection
EndGlobal
