
Microsoft Visual Studio Solution File, Format Version 12.00
# Visual Studio Version 17
VisualStudioVersion = 17.13.35913.81 d17.13
MinimumVisualStudioVersion = 10.0.40219.1
Project("{FAE04EC0-301F-11D3-BF4B-00C04F79EFBC}") = "Strategy", "Strategy.csproj", "{C2840ADF-0255-4BB7-9E07-D6042EEC731D}"
EndProject
Global
	GlobalSection(SolutionConfigurationPlatforms) = preSolution
		Debug|Any CPU = Debug|Any CPU
		Release|Any CPU = Release|Any CPU
	EndGlobalSection
	GlobalSection(ProjectConfigurationPlatforms) = postSolution
		{C2840ADF-0255-4BB7-9E07-D6042EEC731D}.Debug|Any CPU.ActiveCfg = Debug|Any CPU
		{C2840ADF-0255-4BB7-9E07-D6042EEC731D}.Debug|Any CPU.Build.0 = Debug|Any CPU
		{C2840ADF-0255-4BB7-9E07-D6042EEC731D}.Release|Any CPU.ActiveCfg = Release|Any CPU
		{C2840ADF-0255-4BB7-9E07-D6042EEC731D}.Release|Any CPU.Build.0 = Release|Any CPU
	EndGlobalSection
	GlobalSection(SolutionProperties) = preSolution
		HideSolutionNode = FALSE
	EndGlobalSection
	GlobalSection(ExtensibilityGlobals) = postSolution
		SolutionGuid = {2B42E619-D9AA-4B4C-8AC9-2A56EDEE5B3D}
	EndGlobalSection
EndGlobal
